
Microsoft Visual Studio Solution File, Format Version 12.00
# Visual Studio Version 17
VisualStudioVersion = 17.0.31808.319
MinimumVisualStudioVersion = 10.0.40219.1
Project("{FAE04EC0-301F-11D3-BF4B-00C04F79EFBC}") = "MyCms", "MyCms.csproj", "{D8CDAD3D-85BA-46D6-98D6-05D85AE0CCBE}"
EndProject
Project("{FAE04EC0-301F-11D3-BF4B-00C04F79EFBC}") = "DataLayer", "..\DataLayer1\DataLayer.csproj", "{1B857EB9-3D0A-4494-8F51-BF23B4067164}"
EndProject
Global
	GlobalSection(SolutionConfigurationPlatforms) = preSolution
		Debug|Any CPU = Debug|Any CPU
		Release|Any CPU = Release|Any CPU
	EndGlobalSection
	GlobalSection(ProjectConfigurationPlatforms) = postSolution
		{D8CDAD3D-85BA-46D6-98D6-05D85AE0CCBE}.Debug|Any CPU.ActiveCfg = Debug|Any CPU
		{D8CDAD3D-85BA-46D6-98D6-05D85AE0CCBE}.Debug|Any CPU.Build.0 = Debug|Any CPU
		{D8CDAD3D-85BA-46D6-98D6-05D85AE0CCBE}.Release|Any CPU.ActiveCfg = Release|Any CPU
		{D8CDAD3D-85BA-46D6-98D6-05D85AE0CCBE}.Release|Any CPU.Build.0 = Release|Any CPU
		{1B857EB9-3D0A-4494-8F51-BF23B4067164}.Debug|Any CPU.ActiveCfg = Debug|Any CPU
		{1B857EB9-3D0A-4494-8F51-BF23B4067164}.Debug|Any CPU.Build.0 = Debug|Any CPU
		{1B857EB9-3D0A-4494-8F51-BF23B4067164}.Release|Any CPU.ActiveCfg = Release|Any CPU
		{1B857EB9-3D0A-4494-8F51-BF23B4067164}.Release|Any CPU.Build.0 = Release|Any CPU
	EndGlobalSection
	GlobalSection(SolutionProperties) = preSolution
		HideSolutionNode = FALSE
	EndGlobalSection
	GlobalSection(ExtensibilityGlobals) = postSolution
		SolutionGuid = {1CD3FBCA-7F7D-4C1A-AE5E-F81481D0CA76}
	EndGlobalSection
EndGlobal
